
Microsoft Visual Studio Solution File, Format Version 12.00
# Visual Studio Version 17
VisualStudioVersion = 17.5.33530.505
MinimumVisualStudioVersion = 10.0.40219.1
Project("{9A19103F-16F7-4668-BE54-9A1E7A4F7556}") = "EntidadesParcial", "EntidadesParcial\EntidadesParcial.csproj", "{1EF0CB35-3D5D-4F4F-A0C9-563B140BCA78}"
EndProject
Project("{9A19103F-16F7-4668-BE54-9A1E7A4F7556}") = "FRMVIAJES", "FrmLogin\FRMVIAJES.csproj", "{4D5856E4-5C3C-416F-990B-B39A3382A7F0}"
EndProject
Global
	GlobalSection(SolutionConfigurationPlatforms) = preSolution
		Debug|Any CPU = Debug|Any CPU
		Release|Any CPU = Release|Any CPU
	EndGlobalSection
	GlobalSection(ProjectConfigurationPlatforms) = postSolution
		{1EF0CB35-3D5D-4F4F-A0C9-563B140BCA78}.Debug|Any CPU.ActiveCfg = Debug|Any CPU
		{1EF0CB35-3D5D-4F4F-A0C9-563B140BCA78}.Debug|Any CPU.Build.0 = Debug|Any CPU
		{1EF0CB35-3D5D-4F4F-A0C9-563B140BCA78}.Release|Any CPU.ActiveCfg = Release|Any CPU
		{1EF0CB35-3D5D-4F4F-A0C9-563B140BCA78}.Release|Any CPU.Build.0 = Release|Any CPU
		{4D5856E4-5C3C-416F-990B-B39A3382A7F0}.Debug|Any CPU.ActiveCfg = Debug|Any CPU
		{4D5856E4-5C3C-416F-990B-B39A3382A7F0}.Debug|Any CPU.Build.0 = Debug|Any CPU
		{4D5856E4-5C3C-416F-990B-B39A3382A7F0}.Release|Any CPU.ActiveCfg = Release|Any CPU
		{4D5856E4-5C3C-416F-990B-B39A3382A7F0}.Release|Any CPU.Build.0 = Release|Any CPU
	EndGlobalSection
	GlobalSection(SolutionProperties) = preSolution
		HideSolutionNode = FALSE
	EndGlobalSection
	GlobalSection(ExtensibilityGlobals) = postSolution
		SolutionGuid = {52254D14-00DA-4FDC-946F-51F65F0D89CA}
	EndGlobalSection
EndGlobal
